# This file is automatically @generated by Cargo.
# It is not intended for manual editing.
[[package]]
name = "semaforos"
version = "0.1.0"
dependencies = [
 "std-semaphore",
]

[[package]]
name = "std-semaphore"
version = "0.1.0"
source = "registry+https://github.com/rust-lang/crates.io-index"
checksum = "33ae9eec00137a8eed469fb4148acd9fc6ac8c3f9b110f52cd34698c8b5bfa0e"
